Microsoft Visual Studio Solution File, Format Version 12.00
# Visual Studio Version 17
VisualStudioVersion = 17.5.2.0
MinimumVisualStudioVersion = 10.0.40219.1
Project("{FAE04EC0-301F-11D3-BF4B-00C04F79EFBC}") = "open-fga", "open-fga.csproj", "{0160CEDC-0DF5-4D8C-CA80-2ECA7571D309}"
EndProject
Global
	GlobalSection(SolutionConfigurationPlatforms) = preSolution
		Debug|Any CPU = Debug|Any CPU
		Release|Any CPU = Release|Any CPU
	EndGlobalSection
	GlobalSection(ProjectConfigurationPlatforms) = postSolution
		{0160CEDC-0DF5-4D8C-CA80-2ECA7571D309}.Debug|Any CPU.ActiveCfg = Debug|Any CPU
		{0160CEDC-0DF5-4D8C-CA80-2ECA7571D309}.Debug|Any CPU.Build.0 = Debug|Any CPU
		{0160CEDC-0DF5-4D8C-CA80-2ECA7571D309}.Release|Any CPU.ActiveCfg = Release|Any CPU
		{0160CEDC-0DF5-4D8C-CA80-2ECA7571D309}.Release|Any CPU.Build.0 = Release|Any CPU
	EndGlobalSection
	GlobalSection(SolutionProperties) = preSolution
		HideSolutionNode = FALSE
	EndGlobalSection
	GlobalSection(ExtensibilityGlobals) = postSolution
		SolutionGuid = {21102169-724C-4041-AD64-D4DC025949CC}
	EndGlobalSection
EndGlobal
